
Microsoft Visual Studio Solution File, Format Version 12.00
# Visual Studio 2012
Project("{F2A71F9B-5D33-465A-A702-920D77279786}") = "CapitalismEngine", "CapitalismEngine\CapitalismEngine.fsproj", "{F536FF0D-621B-4FEE-92B8-8472FE1A9274}"
EndProject
Project("{FAE04EC0-301F-11D3-BF4B-00C04F79EFBC}") = "CapitalismFrontEnd", "SupplyChainFrontEnd\CapitalismFrontEnd.csproj", "{604583EA-6AC5-4B8B-B4B5-70DEC7CEE7E1}"
EndProject
Global
	GlobalSection(SolutionConfigurationPlatforms) = preSolution
		Debug|Any CPU = Debug|Any CPU
		Release|Any CPU = Release|Any CPU
	EndGlobalSection
	GlobalSection(ProjectConfigurationPlatforms) = postSolution
		{F536FF0D-621B-4FEE-92B8-8472FE1A9274}.Debug|Any CPU.ActiveCfg = Debug|Any CPU
		{F536FF0D-621B-4FEE-92B8-8472FE1A9274}.Debug|Any CPU.Build.0 = Debug|Any CPU
		{F536FF0D-621B-4FEE-92B8-8472FE1A9274}.Release|Any CPU.ActiveCfg = Release|Any CPU
		{F536FF0D-621B-4FEE-92B8-8472FE1A9274}.Release|Any CPU.Build.0 = Release|Any CPU
		{604583EA-6AC5-4B8B-B4B5-70DEC7CEE7E1}.Debug|Any CPU.ActiveCfg = Debug|Any CPU
		{604583EA-6AC5-4B8B-B4B5-70DEC7CEE7E1}.Debug|Any CPU.Build.0 = Debug|Any CPU
		{604583EA-6AC5-4B8B-B4B5-70DEC7CEE7E1}.Release|Any CPU.ActiveCfg = Release|Any CPU
		{604583EA-6AC5-4B8B-B4B5-70DEC7CEE7E1}.Release|Any CPU.Build.0 = Release|Any CPU
	EndGlobalSection
	GlobalSection(SolutionProperties) = preSolution
		HideSolutionNode = FALSE
	EndGlobalSection
EndGlobal
